
Microsoft Visual Studio Solution File, Format Version 12.00
# Visual Studio Version 17
VisualStudioVersion = 17.4.33403.182
MinimumVisualStudioVersion = 10.0.40219.1
Project("{FAE04EC0-301F-11D3-BF4B-00C04F79EFBC}") = "SupportTicketManager", "SupportTicketManager\SupportTicketManager.csproj", "{DC84F4DF-C924-4DAF-A3F4-1DA024C307A2}"
EndProject
Global
	GlobalSection(SolutionConfigurationPlatforms) = preSolution
		Debug|Any CPU = Debug|Any CPU
		Release|Any CPU = Release|Any CPU
	EndGlobalSection
	GlobalSection(ProjectConfigurationPlatforms) = postSolution
		{DC84F4DF-C924-4DAF-A3F4-1DA024C307A2}.Debug|Any CPU.ActiveCfg = Debug|Any CPU
		{DC84F4DF-C924-4DAF-A3F4-1DA024C307A2}.Debug|Any CPU.Build.0 = Debug|Any CPU
		{DC84F4DF-C924-4DAF-A3F4-1DA024C307A2}.Release|Any CPU.ActiveCfg = Release|Any CPU
		{DC84F4DF-C924-4DAF-A3F4-1DA024C307A2}.Release|Any CPU.Build.0 = Release|Any CPU
	EndGlobalSection
	GlobalSection(SolutionProperties) = preSolution
		HideSolutionNode = FALSE
	EndGlobalSection
	GlobalSection(ExtensibilityGlobals) = postSolution
		SolutionGuid = {4460AED3-5E7A-4E11-AA4F-080608981A49}
	EndGlobalSection
EndGlobal
